# THIS IS AN AUTOGENERATED FILE. DO NOT EDIT THIS FILE DIRECTLY.
# yarn lockfile v1


"@react-native-community/async-storage@^1.6.3":
  version "1.6.3"
  resolved "https://registry.yarnpkg.com/@react-native-community/async-storage/-/async-storage-1.6.3.tgz#1a713e8c5cacd543ab8539080a5ce57ad917da88"
  integrity sha512-67K2akX90uc252zKMYJt1wISvaEH6ARtdTI9bUkwmOFXVPyVk1DfPnaRmyUzcVdeCBOO1n0xv9YO2GSppIormQ==
